{
  "requires": true,
  "lockfileVersion": 1,
  "dependencies": {
    "chart.js": {
      "version": "3.7.1",
      "resolved": "https://registry.npmjs.org/chart.js/-/chart.js-3.7.1.tgz",
      "integrity": "sha512-8knRegQLFnPQAheZV8MjxIXc5gQEfDFD897BJgv/klO/vtIyFFmgMXrNfgrXpbTr/XbTturxRgxIXx/Y+ASJBA=="
    },
    "react-chartjs-2": {
      "version": "4.1.0",
      "resolved": "https://registry.npmjs.org/react-chartjs-2/-/react-chartjs-2-4.1.0.tgz",
      "integrity": "sha512-AsUihxEp8Jm1oBhbEovE+w50m9PVNhz1sfwEIT4hZduRC0m14gHWHd0cUaxkFDb8HNkdMIGzsNlmVqKiOpU74g=="
    }
  }
}
